
Microsoft Visual Studio Solution File, Format Version 12.00
# Visual Studio 15
VisualStudioVersion = 15.0.28307.489
MinimumVisualStudioVersion = 10.0.40219.1
Project("{FAE04EC0-301F-11D3-BF4B-00C04F79EFBC}") = "GUI_JavaJam", "GUI_JavaJam\GUI_JavaJam.csproj", "{65150813-0447-484D-AB87-C4CE33ABD287}"
EndProject
Global
	GlobalSection(SolutionConfigurationPlatforms) = preSolution
		Debug|Any CPU = Debug|Any CPU
		Release|Any CPU = Release|Any CPU
	EndGlobalSection
	GlobalSection(ProjectConfigurationPlatforms) = postSolution
		{65150813-0447-484D-AB87-C4CE33ABD287}.Debug|Any CPU.ActiveCfg = Debug|Any CPU
		{65150813-0447-484D-AB87-C4CE33ABD287}.Debug|Any CPU.Build.0 = Debug|Any CPU
		{65150813-0447-484D-AB87-C4CE33ABD287}.Release|Any CPU.ActiveCfg = Release|Any CPU
		{65150813-0447-484D-AB87-C4CE33ABD287}.Release|Any CPU.Build.0 = Release|Any CPU
	EndGlobalSection
	GlobalSection(SolutionProperties) = preSolution
		HideSolutionNode = FALSE
	EndGlobalSection
	GlobalSection(ExtensibilityGlobals) = postSolution
		SolutionGuid = {AAC12E1E-2B49-4780-9844-101F54C31F12}
	EndGlobalSection
EndGlobal
