
Microsoft Visual Studio Solution File, Format Version 12.00
# Visual Studio Version 16
VisualStudioVersion = 16.0.28803.352
MinimumVisualStudioVersion = 10.0.40219.1
Project("{9A19103F-16F7-4668-BE54-9A1E7A4F7556}") = "GUI_JavaJam", "GUI_JavaJam\GUI_JavaJam.csproj", "{65150813-0447-484D-AB87-C4CE33ABD287}"
EndProject
Project("{FAE04EC0-301F-11D3-BF4B-00C04F79EFBC}") = "GUI_JavaJam_WebApi", "GUI_JavaJam_WebApi\GUI_JavaJam_WebApi.csproj", "{F52ADB4A-CF03-4C3D-A101-48A09FEA5CFA}"
EndProject
Global
	GlobalSection(SolutionConfigurationPlatforms) = preSolution
		Debug|Any CPU = Debug|Any CPU
		Release|Any CPU = Release|Any CPU
	EndGlobalSection
	GlobalSection(ProjectConfigurationPlatforms) = postSolution
		{65150813-0447-484D-AB87-C4CE33ABD287}.Debug|Any CPU.ActiveCfg = Debug|Any CPU
		{65150813-0447-484D-AB87-C4CE33ABD287}.Debug|Any CPU.Build.0 = Debug|Any CPU
		{65150813-0447-484D-AB87-C4CE33ABD287}.Release|Any CPU.ActiveCfg = Release|Any CPU
		{65150813-0447-484D-AB87-C4CE33ABD287}.Release|Any CPU.Build.0 = Release|Any CPU
		{F52ADB4A-CF03-4C3D-A101-48A09FEA5CFA}.Debug|Any CPU.ActiveCfg = Debug|Any CPU
		{F52ADB4A-CF03-4C3D-A101-48A09FEA5CFA}.Debug|Any CPU.Build.0 = Debug|Any CPU
		{F52ADB4A-CF03-4C3D-A101-48A09FEA5CFA}.Release|Any CPU.ActiveCfg = Release|Any CPU
		{F52ADB4A-CF03-4C3D-A101-48A09FEA5CFA}.Release|Any CPU.Build.0 = Release|Any CPU
	EndGlobalSection
	GlobalSection(SolutionProperties) = preSolution
		HideSolutionNode = FALSE
	EndGlobalSection
	GlobalSection(ExtensibilityGlobals) = postSolution
		SolutionGuid = {AAC12E1E-2B49-4780-9844-101F54C31F12}
	EndGlobalSection
EndGlobal
